
Microsoft Visual Studio Solution File, Format Version 12.00
# Visual Studio Version 17
VisualStudioVersion = 17.7.34221.43
MinimumVisualStudioVersion = 10.0.40219.1
Project("{FAE04EC0-301F-11D3-BF4B-00C04F79EFBC}") = "Parprogrammering_3", "Parprogrammering_3.csproj", "{09C65E20-22FA-4397-80AE-C9F60928944C}"
EndProject
Global
	GlobalSection(SolutionConfigurationPlatforms) = preSolution
		Debug|Any CPU = Debug|Any CPU
		Release|Any CPU = Release|Any CPU
	EndGlobalSection
	GlobalSection(ProjectConfigurationPlatforms) = postSolution
		{09C65E20-22FA-4397-80AE-C9F60928944C}.Debug|Any CPU.ActiveCfg = Debug|Any CPU
		{09C65E20-22FA-4397-80AE-C9F60928944C}.Debug|Any CPU.Build.0 = Debug|Any CPU
		{09C65E20-22FA-4397-80AE-C9F60928944C}.Release|Any CPU.ActiveCfg = Release|Any CPU
		{09C65E20-22FA-4397-80AE-C9F60928944C}.Release|Any CPU.Build.0 = Release|Any CPU
	EndGlobalSection
	GlobalSection(SolutionProperties) = preSolution
		HideSolutionNode = FALSE
	EndGlobalSection
	GlobalSection(ExtensibilityGlobals) = postSolution
		SolutionGuid = {D585087F-A328-411C-A9CD-31F71EA2BCB5}
	EndGlobalSection
EndGlobal
